
Microsoft Visual Studio Solution File, Format Version 12.00
# Visual Studio Version 17
VisualStudioVersion = 17.4.33213.308
MinimumVisualStudioVersion = 10.0.40219.1
Project("{FAE04EC0-301F-11D3-BF4B-00C04F79EFBC}") = "2.41", "2.41\2.41.csproj", "{90C42335-8DF4-4E4A-AEC6-8A9C2633FA52}"
EndProject
Global
	GlobalSection(SolutionConfigurationPlatforms) = preSolution
		Debug|Any CPU = Debug|Any CPU
		Release|Any CPU = Release|Any CPU
	EndGlobalSection
	GlobalSection(ProjectConfigurationPlatforms) = postSolution
		{90C42335-8DF4-4E4A-AEC6-8A9C2633FA52}.Debug|Any CPU.ActiveCfg = Debug|Any CPU
		{90C42335-8DF4-4E4A-AEC6-8A9C2633FA52}.Debug|Any CPU.Build.0 = Debug|Any CPU
		{90C42335-8DF4-4E4A-AEC6-8A9C2633FA52}.Release|Any CPU.ActiveCfg = Release|Any CPU
		{90C42335-8DF4-4E4A-AEC6-8A9C2633FA52}.Release|Any CPU.Build.0 = Release|Any CPU
	EndGlobalSection
	GlobalSection(SolutionProperties) = preSolution
		HideSolutionNode = FALSE
	EndGlobalSection
	GlobalSection(ExtensibilityGlobals) = postSolution
		SolutionGuid = {B2CCD6CF-8EB1-448E-BEE2-6267199C4632}
	EndGlobalSection
EndGlobal
